
Microsoft Visual Studio Solution File, Format Version 12.00
# Visual Studio 15
VisualStudioVersion = 15.0.27703.2035
MinimumVisualStudioVersion = 10.0.40219.1
Project("{FAE04EC0-301F-11D3-BF4B-00C04F79EFBC}") = "Polinom", "Polinom\Polinom.csproj", "{9634021A-D795-41B9-9442-6749CE481E98}"
EndProject
Global
	GlobalSection(SolutionConfigurationPlatforms) = preSolution
		Debug|Any CPU = Debug|Any CPU
		Release|Any CPU = Release|Any CPU
	EndGlobalSection
	GlobalSection(ProjectConfigurationPlatforms) = postSolution
		{9634021A-D795-41B9-9442-6749CE481E98}.Debug|Any CPU.ActiveCfg = Debug|Any CPU
		{9634021A-D795-41B9-9442-6749CE481E98}.Debug|Any CPU.Build.0 = Debug|Any CPU
		{9634021A-D795-41B9-9442-6749CE481E98}.Release|Any CPU.ActiveCfg = Release|Any CPU
		{9634021A-D795-41B9-9442-6749CE481E98}.Release|Any CPU.Build.0 = Release|Any CPU
	EndGlobalSection
	GlobalSection(SolutionProperties) = preSolution
		HideSolutionNode = FALSE
	EndGlobalSection
	GlobalSection(ExtensibilityGlobals) = postSolution
		SolutionGuid = {66D928D2-B2B9-4DF6-9B7E-F9FA8C286EA3}
	EndGlobalSection
EndGlobal
